
Microsoft Visual Studio Solution File, Format Version 12.00
# Visual Studio Version 17
VisualStudioVersion = 17.4.33213.308
MinimumVisualStudioVersion = 10.0.40219.1
Project("{9A19103F-16F7-4668-BE54-9A1E7A4F7556}") = "Editor", "ChartEditor\Editor.csproj", "{03F0A5E6-860A-4AD5-87A8-DF71C40903A1}"
EndProject
Global
	GlobalSection(SolutionConfigurationPlatforms) = preSolution
		Debug|Any CPU = Debug|Any CPU
		Release|Any CPU = Release|Any CPU
	EndGlobalSection
	GlobalSection(ProjectConfigurationPlatforms) = postSolution
		{03F0A5E6-860A-4AD5-87A8-DF71C40903A1}.Debug|Any CPU.ActiveCfg = Debug|Any CPU
		{03F0A5E6-860A-4AD5-87A8-DF71C40903A1}.Debug|Any CPU.Build.0 = Debug|Any CPU
		{03F0A5E6-860A-4AD5-87A8-DF71C40903A1}.Release|Any CPU.ActiveCfg = Release|Any CPU
		{03F0A5E6-860A-4AD5-87A8-DF71C40903A1}.Release|Any CPU.Build.0 = Release|Any CPU
	EndGlobalSection
	GlobalSection(SolutionProperties) = preSolution
		HideSolutionNode = FALSE
	EndGlobalSection
	GlobalSection(ExtensibilityGlobals) = postSolution
		SolutionGuid = {11C23FEC-1DA4-4DF9-8A0E-49D4098D5917}
	EndGlobalSection
EndGlobal
